
Microsoft Visual Studio Solution File, Format Version 12.00
Project("{FAE04EC0-301F-11D3-BF4B-00C04F79EFBC}") = "Task6", "Task6\Task6.csproj", "{6230F343-6153-4A6F-8186-09E2488E227B}"
EndProject
Global
	GlobalSection(SolutionConfigurationPlatforms) = preSolution
		Debug|Any CPU = Debug|Any CPU
		Release|Any CPU = Release|Any CPU
	EndGlobalSection
	GlobalSection(ProjectConfigurationPlatforms) = postSolution
		{6230F343-6153-4A6F-8186-09E2488E227B}.Debug|Any CPU.ActiveCfg = Debug|Any CPU
		{6230F343-6153-4A6F-8186-09E2488E227B}.Debug|Any CPU.Build.0 = Debug|Any CPU
		{6230F343-6153-4A6F-8186-09E2488E227B}.Release|Any CPU.ActiveCfg = Release|Any CPU
		{6230F343-6153-4A6F-8186-09E2488E227B}.Release|Any CPU.Build.0 = Release|Any CPU
	EndGlobalSection
EndGlobal
